{
  "name": "Node",
  "version": "1.0.0",
  "lockfileVersion": 1,
  "requires": true,
  "dependencies": {
    "caniuse-db": {
      "version": "1.0.30001008",
      "resolved": "https://registry.npmjs.org/caniuse-db/-/caniuse-db-1.0.30001008.tgz",
      "integrity": "sha512-Fog+uREPKb/RDc0puoAqqBZB05I8wYff+TIMDkYw9Lweq7+hUEN5fNLpIaBX6AJxq4sndqPct8fYLrDUV6u4xw=="
    },
    "emmet": {
      "version": "1.6.3",
      "resolved": "https://registry.npmjs.org/emmet/-/emmet-1.6.3.tgz",
      "integrity": "sha1-/hPXdO7jMv5L9sCsjLLWhhbqUME=",
      "requires": {
        "caniuse-db": "^1.0.30000161"
      }
    }
  }
}
